
Microsoft Visual Studio Solution File, Format Version 12.00
# Visual Studio Version 16
VisualStudioVersion = 16.0.31624.102
MinimumVisualStudioVersion = 10.0.40219.1
Project("{FAE04EC0-301F-11D3-BF4B-00C04F79EFBC}") = "TagFormating", "TagFormating\TagFormating.csproj", "{9CF784E5-EE00-40A3-B444-88E20D6A56D3}"
EndProject
Global
	GlobalSection(SolutionConfigurationPlatforms) = preSolution
		Debug|Any CPU = Debug|Any CPU
		Release|Any CPU = Release|Any CPU
	EndGlobalSection
	GlobalSection(ProjectConfigurationPlatforms) = postSolution
		{9CF784E5-EE00-40A3-B444-88E20D6A56D3}.Debug|Any CPU.ActiveCfg = Debug|Any CPU
		{9CF784E5-EE00-40A3-B444-88E20D6A56D3}.Debug|Any CPU.Build.0 = Debug|Any CPU
		{9CF784E5-EE00-40A3-B444-88E20D6A56D3}.Release|Any CPU.ActiveCfg = Release|Any CPU
		{9CF784E5-EE00-40A3-B444-88E20D6A56D3}.Release|Any CPU.Build.0 = Release|Any CPU
	EndGlobalSection
	GlobalSection(SolutionProperties) = preSolution
		HideSolutionNode = FALSE
	EndGlobalSection
	GlobalSection(ExtensibilityGlobals) = postSolution
		SolutionGuid = {AD180D5A-3BD8-4B57-B978-C61514997807}
	EndGlobalSection
EndGlobal
